
Microsoft Visual Studio Solution File, Format Version 12.00
# Visual Studio Version 16
VisualStudioVersion = 16.0.30406.217
MinimumVisualStudioVersion = 10.0.40219.1
Project("{9A19103F-16F7-4668-BE54-9A1E7A4F7556}") = "DeadlockedDatabase", "DeadlockedDatabase\DeadlockedDatabase.csproj", "{4C106C7F-026B-4523-8003-131B42365BFF}"
EndProject
Global
	GlobalSection(SolutionConfigurationPlatforms) = preSolution
		Debug|Any CPU = Debug|Any CPU
		Release|Any CPU = Release|Any CPU
	EndGlobalSection
	GlobalSection(ProjectConfigurationPlatforms) = postSolution
		{4C106C7F-026B-4523-8003-131B42365BFF}.Debug|Any CPU.ActiveCfg = Debug|Any CPU
		{4C106C7F-026B-4523-8003-131B42365BFF}.Debug|Any CPU.Build.0 = Debug|Any CPU
		{4C106C7F-026B-4523-8003-131B42365BFF}.Release|Any CPU.ActiveCfg = Release|Any CPU
		{4C106C7F-026B-4523-8003-131B42365BFF}.Release|Any CPU.Build.0 = Release|Any CPU
	EndGlobalSection
	GlobalSection(SolutionProperties) = preSolution
		HideSolutionNode = FALSE
	EndGlobalSection
	GlobalSection(ExtensibilityGlobals) = postSolution
		SolutionGuid = {2FCEE4C1-1B5A-40CF-87D7-CACF88036F14}
	EndGlobalSection
EndGlobal
